
Microsoft Visual Studio Solution File, Format Version 12.00
# Visual Studio Version 17
VisualStudioVersion = 17.10.34928.147
MinimumVisualStudioVersion = 10.0.40219.1
Project("{9A19103F-16F7-4668-BE54-9A1E7A4F7556}") = "gobang", "gobang\gobang.csproj", "{18FEC101-1F04-490E-90B0-D68D0D40F2B5}"
EndProject
Project("{54435603-DBB4-11D2-8724-00A0C9A8B90C}") = "Gobang-Setup", "Gobang-Setup\Gobang-Setup.vdproj", "{74AF78BF-0CF3-4EB5-89A1-C352F31E3E7A}"
EndProject
Global
	GlobalSection(SolutionConfigurationPlatforms) = preSolution
		Debug|Any CPU = Debug|Any CPU
		Release|Any CPU = Release|Any CPU
	EndGlobalSection
	GlobalSection(ProjectConfigurationPlatforms) = postSolution
		{18FEC101-1F04-490E-90B0-D68D0D40F2B5}.Debug|Any CPU.ActiveCfg = Debug|Any CPU
		{18FEC101-1F04-490E-90B0-D68D0D40F2B5}.Debug|Any CPU.Build.0 = Debug|Any CPU
		{18FEC101-1F04-490E-90B0-D68D0D40F2B5}.Release|Any CPU.ActiveCfg = Release|Any CPU
		{18FEC101-1F04-490E-90B0-D68D0D40F2B5}.Release|Any CPU.Build.0 = Release|Any CPU
		{74AF78BF-0CF3-4EB5-89A1-C352F31E3E7A}.Debug|Any CPU.ActiveCfg = Debug
		{74AF78BF-0CF3-4EB5-89A1-C352F31E3E7A}.Release|Any CPU.ActiveCfg = Release
	EndGlobalSection
	GlobalSection(SolutionProperties) = preSolution
		HideSolutionNode = FALSE
	EndGlobalSection
	GlobalSection(ExtensibilityGlobals) = postSolution
		SolutionGuid = {2273ECC3-8616-4180-9EB8-E252229E5287}
	EndGlobalSection
EndGlobal
